{
  "pins" : [
    {
      "identity" : "ably-asset-tracking-swift",
      "kind" : "remoteSourceControl",
      "location" : "https://github.com/ably/ably-asset-tracking-swift",
      "state" : {
        "branch" : "main",
        "revision" : "ec30bfb126af333de23bd90891442f44fa1a84e3"
      }
    },
    {
      "identity" : "ably-cocoa",
      "kind" : "remoteSourceControl",
      "location" : "https://github.com/ably/ably-cocoa",
      "state" : {
        "revision" : "3b4d3065762f99b3745eb239179d33615b9594b2",
        "version" : "1.2.10"
      }
    },
    {
      "identity" : "delta-codec-cocoa",
      "kind" : "remoteSourceControl",
      "location" : "https://github.com/ably/delta-codec-cocoa",
      "state" : {
        "revision" : "d3c6972b4e10ddd9bea1d26d2c1778c5cd3d0bac",
        "version" : "1.3.2"
      }
    },
    {
      "identity" : "mapbox-common-ios",
      "kind" : "remoteSourceControl",
      "location" : "https://github.com/mapbox/mapbox-common-ios.git",
      "state" : {
        "revision" : "59b81d4f6316a661c322e8c47bc3310f8a1bdd4a",
        "version" : "21.3.0"
      }
    },
    {
      "identity" : "mapbox-core-maps-ios",
      "kind" : "remoteSourceControl",
      "location" : "https://github.com/mapbox/mapbox-core-maps-ios.git",
      "state" : {
        "revision" : "1dc45cca0509087df9fbd6f914b5c0633f9ba287",
        "version" : "10.5.3"
      }
    },
    {
      "identity" : "mapbox-directions-swift",
      "kind" : "remoteSourceControl",
      "location" : "https://github.com/mapbox/mapbox-directions-swift.git",
      "state" : {
        "revision" : "0e450290ea041ce8c1f5b7aba86fec7ac4df1150",
        "version" : "2.5.0"
      }
    },
    {
      "identity" : "mapbox-events-ios",
      "kind" : "remoteSourceControl",
      "location" : "https://github.com/mapbox/mapbox-events-ios.git",
      "state" : {
        "revision" : "1b6c2a34086de40c26f2f97a716ac419f46eb630",
        "version" : "1.0.7"
      }
    },
    {
      "identity" : "mapbox-maps-ios",
      "kind" : "remoteSourceControl",
      "location" : "https://github.com/mapbox/mapbox-maps-ios.git",
      "state" : {
        "revision" : "0e67a60ef215c31975fae19a9c727a8ddf42a1d8",
        "version" : "10.5.1"
      }
    },
    {
      "identity" : "mapbox-navigation-ios",
      "kind" : "remoteSourceControl",
      "location" : "https://github.com/mapbox/mapbox-navigation-ios.git",
      "state" : {
        "revision" : "73c9861d86b259eb88e1bce1d97f4025668b7226",
        "version" : "2.5.1"
      }
    },
    {
      "identity" : "mapbox-navigation-native-ios",
      "kind" : "remoteSourceControl",
      "location" : "https://github.com/mapbox/mapbox-navigation-native-ios.git",
      "state" : {
        "revision" : "e7cf68d281c5089640817551bc75526e640e73d1",
        "version" : "101.0.1"
      }
    },
    {
      "identity" : "mapbox-speech-swift",
      "kind" : "remoteSourceControl",
      "location" : "https://github.com/mapbox/mapbox-speech-swift.git",
      "state" : {
        "revision" : "b0a6008c184c1010dac11e14bf20afe4261d8c36",
        "version" : "2.0.0"
      }
    },
    {
      "identity" : "msgpack-objective-c",
      "kind" : "remoteSourceControl",
      "location" : "https://github.com/rvi/msgpack-objective-C",
      "state" : {
        "revision" : "3e36b48e04ecd756cb927bd5f5b9bf6d45e475f9",
        "version" : "0.4.0"
      }
    },
    {
      "identity" : "polyline",
      "kind" : "remoteSourceControl",
      "location" : "https://github.com/raphaelmor/Polyline.git",
      "state" : {
        "revision" : "554a15b15ff33cf6757f4cb693c5c285fe58694e",
        "version" : "5.0.3"
      }
    },
    {
      "identity" : "solar",
      "kind" : "remoteSourceControl",
      "location" : "https://github.com/ceeK/Solar.git",
      "state" : {
        "revision" : "c2b96f2d5fb7f835b91cefac5e83101f54643901",
        "version" : "3.0.1"
      }
    },
    {
      "identity" : "swift-argument-parser",
      "kind" : "remoteSourceControl",
      "location" : "https://github.com/apple/swift-argument-parser",
      "state" : {
        "revision" : "f3c9084a71ef4376f2fabbdf1d3d90a49f1fabdb",
        "version" : "1.1.2"
      }
    },
    {
      "identity" : "swift-log",
      "kind" : "remoteSourceControl",
      "location" : "https://github.com/apple/swift-log",
      "state" : {
        "revision" : "5d66f7ba25daf4f94100e7022febf3c75e37a6c7",
        "version" : "1.4.2"
      }
    },
    {
      "identity" : "turf-swift",
      "kind" : "remoteSourceControl",
      "location" : "https://github.com/mapbox/turf-swift.git",
      "state" : {
        "revision" : "569e0f0e96fda86e1a1dcefaefa68cfa9491ffc1",
        "version" : "2.4.0"
      }
    }
  ],
  "version" : 2
}
